
Microsoft Visual Studio Solution File, Format Version 12.00
# Visual Studio Version 16
VisualStudioVersion = 16.0.32106.194
MinimumVisualStudioVersion = 10.0.40219.1
Project("{FAE04EC0-301F-11D3-BF4B-00C04F79EFBC}") = "BookStoreApp", "BookStoreApp\BookStoreApp.csproj", "{603FD4A6-529B-4633-A99B-E6CD73E75C64}"
EndProject
Global
	GlobalSection(SolutionConfigurationPlatforms) = preSolution
		Debug|Any CPU = Debug|Any CPU
		Release|Any CPU = Release|Any CPU
	EndGlobalSection
	GlobalSection(ProjectConfigurationPlatforms) = postSolution
		{603FD4A6-529B-4633-A99B-E6CD73E75C64}.Debug|Any CPU.ActiveCfg = Debug|Any CPU
		{603FD4A6-529B-4633-A99B-E6CD73E75C64}.Debug|Any CPU.Build.0 = Debug|Any CPU
		{603FD4A6-529B-4633-A99B-E6CD73E75C64}.Release|Any CPU.ActiveCfg = Release|Any CPU
		{603FD4A6-529B-4633-A99B-E6CD73E75C64}.Release|Any CPU.Build.0 = Release|Any CPU
	EndGlobalSection
	GlobalSection(SolutionProperties) = preSolution
		HideSolutionNode = FALSE
	EndGlobalSection
	GlobalSection(ExtensibilityGlobals) = postSolution
		SolutionGuid = {8EE60455-250E-4950-8FF8-D7E73A423E80}
	EndGlobalSection
EndGlobal
